
Microsoft Visual Studio Solution File, Format Version 12.00
# Visual Studio Version 17
VisualStudioVersion = 17.0.32014.148
MinimumVisualStudioVersion = 10.0.40219.1
Project("{2150E333-8FDC-42A3-9474-1A3956D46DE8}") = "Mannagers", "Mannagers", "{B4A3A590-7BAD-40A2-A028-1893CCE8CCB5}"
EndProject
Project("{FAE04EC0-301F-11D3-BF4B-00C04F79EFBC}") = "DellMee.Backend.Manager.User", "Managers\DellMee.Backend.Manager.User\DellMee.Backend.Manager.User.csproj", "{72E744AF-ABF7-44C1-8262-2DBEABA9FE37}"
EndProject
Global
	GlobalSection(SolutionConfigurationPlatforms) = preSolution
		Debug|Any CPU = Debug|Any CPU
		Release|Any CPU = Release|Any CPU
	EndGlobalSection
	GlobalSection(ProjectConfigurationPlatforms) = postSolution
		{72E744AF-ABF7-44C1-8262-2DBEABA9FE37}.Debug|Any CPU.ActiveCfg = Debug|Any CPU
		{72E744AF-ABF7-44C1-8262-2DBEABA9FE37}.Debug|Any CPU.Build.0 = Debug|Any CPU
		{72E744AF-ABF7-44C1-8262-2DBEABA9FE37}.Release|Any CPU.ActiveCfg = Release|Any CPU
		{72E744AF-ABF7-44C1-8262-2DBEABA9FE37}.Release|Any CPU.Build.0 = Release|Any CPU
	EndGlobalSection
	GlobalSection(SolutionProperties) = preSolution
		HideSolutionNode = FALSE
	EndGlobalSection
	GlobalSection(NestedProjects) = preSolution
		{72E744AF-ABF7-44C1-8262-2DBEABA9FE37} = {B4A3A590-7BAD-40A2-A028-1893CCE8CCB5}
	EndGlobalSection
	GlobalSection(ExtensibilityGlobals) = postSolution
		SolutionGuid = {FA435D22-D754-4F4F-A140-8080409F6F1B}
	EndGlobalSection
EndGlobal
